
Microsoft Visual Studio Solution File, Format Version 12.00
# Visual Studio Version 17
VisualStudioVersion = 17.0.32014.148
MinimumVisualStudioVersion = 10.0.40219.1
Project("{FAE04EC0-301F-11D3-BF4B-00C04F79EFBC}") = "P3", "P3\P3.csproj", "{77E589FD-706F-4CA2-B7B8-628AD38DDC20}"
EndProject
Global
	GlobalSection(SolutionConfigurationPlatforms) = preSolution
		Debug|Any CPU = Debug|Any CPU
		Release|Any CPU = Release|Any CPU
	EndGlobalSection
	GlobalSection(ProjectConfigurationPlatforms) = postSolution
		{77E589FD-706F-4CA2-B7B8-628AD38DDC20}.Debug|Any CPU.ActiveCfg = Debug|Any CPU
		{77E589FD-706F-4CA2-B7B8-628AD38DDC20}.Debug|Any CPU.Build.0 = Debug|Any CPU
		{77E589FD-706F-4CA2-B7B8-628AD38DDC20}.Release|Any CPU.ActiveCfg = Release|Any CPU
		{77E589FD-706F-4CA2-B7B8-628AD38DDC20}.Release|Any CPU.Build.0 = Release|Any CPU
	EndGlobalSection
	GlobalSection(SolutionProperties) = preSolution
		HideSolutionNode = FALSE
	EndGlobalSection
	GlobalSection(ExtensibilityGlobals) = postSolution
		SolutionGuid = {3C62CB32-87EE-4B4E-987E-A5AB9A8E1FCD}
	EndGlobalSection
EndGlobal
